
Microsoft Visual Studio Solution File, Format Version 12.00
# Visual Studio Version 17
VisualStudioVersion = 17.6.33829.357
MinimumVisualStudioVersion = 10.0.40219.1
Project("{FAE04EC0-301F-11D3-BF4B-00C04F79EFBC}") = "TiposDeDatos", "TiposDeDatos\TiposDeDatos.csproj", "{F12A6CCC-6A24-4F74-A7EA-666B4F5900C8}"
EndProject
Project("{FAE04EC0-301F-11D3-BF4B-00C04F79EFBC}") = "TareaTienda", "TareaTienda\TareaTienda.csproj", "{470C18B0-DE79-442D-BC85-120BBE9B6A62}"
EndProject
Global
	GlobalSection(SolutionConfigurationPlatforms) = preSolution
		Debug|Any CPU = Debug|Any CPU
		Release|Any CPU = Release|Any CPU
	EndGlobalSection
	GlobalSection(ProjectConfigurationPlatforms) = postSolution
		{F12A6CCC-6A24-4F74-A7EA-666B4F5900C8}.Debug|Any CPU.ActiveCfg = Debug|Any CPU
		{F12A6CCC-6A24-4F74-A7EA-666B4F5900C8}.Debug|Any CPU.Build.0 = Debug|Any CPU
		{F12A6CCC-6A24-4F74-A7EA-666B4F5900C8}.Release|Any CPU.ActiveCfg = Release|Any CPU
		{F12A6CCC-6A24-4F74-A7EA-666B4F5900C8}.Release|Any CPU.Build.0 = Release|Any CPU
		{470C18B0-DE79-442D-BC85-120BBE9B6A62}.Debug|Any CPU.ActiveCfg = Debug|Any CPU
		{470C18B0-DE79-442D-BC85-120BBE9B6A62}.Debug|Any CPU.Build.0 = Debug|Any CPU
		{470C18B0-DE79-442D-BC85-120BBE9B6A62}.Release|Any CPU.ActiveCfg = Release|Any CPU
		{470C18B0-DE79-442D-BC85-120BBE9B6A62}.Release|Any CPU.Build.0 = Release|Any CPU
	EndGlobalSection
	GlobalSection(SolutionProperties) = preSolution
		HideSolutionNode = FALSE
	EndGlobalSection
	GlobalSection(ExtensibilityGlobals) = postSolution
		SolutionGuid = {B539E2D7-EEBD-49CD-82DF-C12A48A8EADE}
	EndGlobalSection
EndGlobal
